// !$*UTF8*$!
{
	archiveVersion = 1;
	classes = {
	};
	objectVersion = 46;
	objects = {
/* Begin PBXBuildFile section */
		0207DA581B56EA530066E2B4 /* Images.xcassets in Resources */ = {isa = PBXBuildFile; fileRef = 0207DA571B56EA530066E2B4 /* Images.xcassets */; };
		1D3623260D0F684500981E51 /* AppDelegate.m in Sources */ = {isa = PBXBuildFile; fileRef = 1D3623250D0F684500981E51 /* AppDelegate.m */; };
		1D60589B0D05DD56006BFB54 /* main.m in Sources */ = {isa = PBXBuildFile; fileRef = 29B97316FDCFA39411CA2CEA /* main.m */; };
		301BF552109A68D80062928A /* libCordova.a in Frameworks */ = {isa = PBXBuildFile; fileRef = 301BF535109A57CC0062928A /* libCordova.a */; };
		302D95F114D2391D003F00A1 /* MainViewController.m in Sources */ = {isa = PBXBuildFile; fileRef = 302D95EF14D2391D003F00A1 /* MainViewController.m */; };
		302D95F214D2391D003F00A1 /* MainViewController.xib in Resources */ = {isa = PBXBuildFile; fileRef = 302D95F014D2391D003F00A1 /* MainViewController.xib */; };
		3047A5121AB8059700498E2A /* build-debug.xcconfig in Resources */ = {isa = PBXBuildFile; fileRef = 3047A50F1AB8059700498E2A /* build-debug.xcconfig */; };
		3047A5131AB8059700498E2A /* build-release.xcconfig in Resources */ = {isa = PBXBuildFile; fileRef = 3047A5101AB8059700498E2A /* build-release.xcconfig */; };
		3047A5141AB8059700498E2A /* build.xcconfig in Resources */ = {isa = PBXBuildFile; fileRef = 3047A5111AB8059700498E2A /* build.xcconfig */; };
		6AFF5BF91D6E424B00AB3073 /* CDVLaunchScreen.storyboard in Resources */ = {isa = PBXBuildFile; fileRef = 6AFF5BF81D6E424B00AB3073 /* CDVLaunchScreen.storyboard */; };
		BFD20618C90E484495B1D184 /* CDVFile.m in Sources */ = {isa = PBXBuildFile; fileRef = 9177F54CBF8D4B47B093922B /* CDVFile.m */; };
		360196A363254F7CAD1CFF41 /* CDVLocalFilesystem.m in Sources */ = {isa = PBXBuildFile; fileRef = B0E45CDDD3664795B505B337 /* CDVLocalFilesystem.m */; };
		440285ADD1DC4383B58DBB90 /* CDVAssetLibraryFilesystem.m in Sources */ = {isa = PBXBuildFile; fileRef = 658905A6C98E48B6AC8AB014 /* CDVAssetLibraryFilesystem.m */; };
		F413A5C8F5F74D5D9297A58C /* CDVFileTransfer.m in Sources */ = {isa = PBXBuildFile; fileRef = A47174AE4BF9416A8F26EFBE /* CDVFileTransfer.m */; };
		4D8AAF0F92BE414BB5BC074B /* UIImage+CropScaleOrientation.m in Sources */ = {isa = PBXBuildFile; fileRef = F47573B55FBC43A38947392D /* UIImage+CropScaleOrientation.m */; };
		B4EE1EB45414455B95349DFA /* CDVCamera.m in Sources */ = {isa = PBXBuildFile; fileRef = 0739B8A051BB4758BC9E1444 /* CDVCamera.m */; };
		1109BEDCC2F843AA9E0EAAA8 /* CDVJpegHeaderWriter.m in Sources */ = {isa = PBXBuildFile; fileRef = 0D46083B5B35427C9ED09028 /* CDVJpegHeaderWriter.m */; };
		53DEFE6AC7494046B9B6214B /* ImageIO.framework in Frameworks */ = {isa = PBXBuildFile; fileRef = 35D6BF65E8B348758BD51B2A /* ImageIO.framework */; settings = {ATTRIBUTES = (Weak, ); }; };
		697E28C97165408EA570A791 /* CoreLocation.framework in Frameworks */ = {isa = PBXBuildFile; fileRef = E14653F799C442E4910AF1EE /* CoreLocation.framework */; };
		3CEE8F4DC041453C969FCE02 /* AVFoundation.framework in Frameworks */ = {isa = PBXBuildFile; fileRef = E066FB7847734183A1396BEA /* AVFoundation.framework */; };
		2199F81454F74A6F921BD690 /* CDVCapture.m in Sources */ = {isa = PBXBuildFile; fileRef = F76F936C509849ADB9B68894 /* CDVCapture.m */; };
		75248ED8D2764725BB48A671 /* CDVCapture.bundle in Resources */ = {isa = PBXBuildFile; fileRef = F83B6F5A786D41B8BDA5960C /* CDVCapture.bundle */; };
		ACA6E8DB0A644F628A41C0EF /* CDVDevice.m in Sources */ = {isa = PBXBuildFile; fileRef = AA13EF6007D74BC4A0735A47 /* CDVDevice.m */; };
		CDB337FB2A4B4073B0208D44 /* libz.tbd in Frameworks */ = {isa = PBXBuildFile; fileRef = 0A7F89F1CA3C4772A85BF8EF /* libz.tbd */; };
		650284942FFA4C94BE6EDDFF /* CDVGlobalization.m in Sources */ = {isa = PBXBuildFile; fileRef = EABAF8788ECD4B2A97AA6204 /* CDVGlobalization.m */; };
		58144CDEC1E043579B303B85 /* CDVInAppBrowser.m in Sources */ = {isa = PBXBuildFile; fileRef = 7EC27E0F7C9E429B829EF22D /* CDVInAppBrowser.m */; };
		E75710737E6C43DE863D8F57 /* CDVConnection.m in Sources */ = {isa = PBXBuildFile; fileRef = 4AFC3E2CB350456AABE9ED20 /* CDVConnection.m */; };
		FF16F82313394895BDED2EA1 /* CDVReachability.m in Sources */ = {isa = PBXBuildFile; fileRef = 427272FF3C6A4F81B4501317 /* CDVReachability.m */; };
		57D9662212DD4C86A2C15FF6 /* SystemConfiguration.framework in Frameworks */ = {isa = PBXBuildFile; fileRef = F32486360A10479AB5420A55 /* SystemConfiguration.framework */; settings = {ATTRIBUTES = (Weak, ); }; };
		4FE01D5CF51F41679593B73A /* CoreTelephony.framework in Frameworks */ = {isa = PBXBuildFile; fileRef = 8B4A19AD34C54C33A493A111 /* CoreTelephony.framework */; };
		DC7D7C8B00FA49E185CF5E8D /* CDVStatusBar.m in Sources */ = {isa = PBXBuildFile; fileRef = 1B19A14B964149E8B6233033 /* CDVStatusBar.m */; };
		90138EFD92D5478CBFD1D325 /* CDVSplashScreen.m in Sources */ = {isa = PBXBuildFile; fileRef = 1F35359CD4D84937A4CAB362 /* CDVSplashScreen.m */; };
		295FD4814D0947E68C2B24A8 /* CDVViewController+SplashScreen.m in Sources */ = {isa = PBXBuildFile; fileRef = B35122279357426487C5DEDC /* CDVViewController+SplashScreen.m */; };
		A56CBFAD3BBA4A46B9D6218F /* CDVClipboard.m in Sources */ = {isa = PBXBuildFile; fileRef = 4F728C47AC4D4E40A02281E2 /* CDVClipboard.m */; };
		14DB082D2ECB403B96C29F06 /* BackgroundAudio.m in Sources */ = {isa = PBXBuildFile; fileRef = 5FFF61F78C534ADF8762E644 /* BackgroundAudio.m */; };
		3E84837C6EE644BA8D74E697 /* AppDelegate+notification.m in Sources */ = {isa = PBXBuildFile; fileRef = 00FCA01B2FF34B7EB8BB04CD /* AppDelegate+notification.m */; };
		7C2A8EF8158A49FB9686CB66 /* PushPlugin.m in Sources */ = {isa = PBXBuildFile; fileRef = 32253BC993814A4C960E686E /* PushPlugin.m */; };
		4B7CBB160A49446591D1DBEB /* AddressBook.framework in Frameworks */ = {isa = PBXBuildFile; fileRef = 53534A2B333E46D3B4F591D7 /* AddressBook.framework */; };
		6193F5F96ACD4F3DA196EDE0 /* libsqlite3.tbd in Frameworks */ = {isa = PBXBuildFile; fileRef = F6EE1C29F7D845459438ED79 /* libsqlite3.tbd */; };
		C3E8633D6A3943CFA1D0E983 /* IonicKeyboard.m in Sources */ = {isa = PBXBuildFile; fileRef = 6AA9D6563E674515B0B78F98 /* IonicKeyboard.m */; };
		C657E3C0853245F48DB513F8 /* ZipPlugin.m in Sources */ = {isa = PBXBuildFile; fileRef = 506F5AF2B424443D9B15AA4C /* ZipPlugin.m */; };
		430A4B26F6FD4707A0B19FD4 /* aescrypt.c in Resources */ = {isa = PBXBuildFile; fileRef = 8CF0DEBCD0F5423AB6963BBB /* aescrypt.c */; };
		A23EE49691C340E2AD38F2FB /* aeskey.c in Resources */ = {isa = PBXBuildFile; fileRef = E18AF7A1AB39439CA702BB94 /* aeskey.c */; };
		E38F3A5C2C184C7EA58F0B58 /* aestab.c in Resources */ = {isa = PBXBuildFile; fileRef = 98FBA5A04E544F8AA95A7F27 /* aestab.c */; };
		C2CD0AD43A894FD79D87E76B /* entropy.c in Resources */ = {isa = PBXBuildFile; fileRef = 7E0FB869650F405F8F9A2986 /* entropy.c */; };
		C2B43EDD942A425A8B60FBFD /* fileenc.c in Resources */ = {isa = PBXBuildFile; fileRef = 48022933897540CFBC6E7D94 /* fileenc.c */; };
		7024B57F5C6F4A859E8F93E4 /* hmac.c in Resources */ = {isa = PBXBuildFile; fileRef = AC91F7BF1DDC4155A047E941 /* hmac.c */; };
		5A2D17BD654F40EF91AC0B53 /* prng.c in Resources */ = {isa = PBXBuildFile; fileRef = 30C382AF74CF481C9EEAF6A0 /* prng.c */; };
		9ED947A2685549F291C60F50 /* pwd2key.c in Resources */ = {isa = PBXBuildFile; fileRef = A6D3F0ACE6884EFAA76221EC /* pwd2key.c */; };
		E58AA49C556F466BA60E90A1 /* sha1.c in Resources */ = {isa = PBXBuildFile; fileRef = D1D657F52CAB4A65BA777BBE /* sha1.c */; };
		A52131D1E0B7400F89223779 /* SSZipArchive.m in Sources */ = {isa = PBXBuildFile; fileRef = B3EF2E18ED0C40DFA6331EEE /* SSZipArchive.m */; };
		3E7694BE43DC4CD39854EA7B /* zip.c in Resources */ = {isa = PBXBuildFile; fileRef = A580C36DCA7B48299522E66D /* zip.c */; };
		DEA922BE1C2C42DB87141027 /* unzip.c in Resources */ = {isa = PBXBuildFile; fileRef = 13F1D0ABFF3B4C02BB5CB77E /* unzip.c */; };
		E8003A9073254F30A1A615BB /* mztools.c in Resources */ = {isa = PBXBuildFile; fileRef = 491ED3D6EB0A4747AB3FEA2F /* mztools.c */; };
		69E56D0098B24711826DE4D0 /* ioapi.c in Resources */ = {isa = PBXBuildFile; fileRef = 037772A4C6CA446A92DBA336 /* ioapi.c */; };
		7CAD4B3451F5497C96148C78 /* libz.dylib in Frameworks */ = {isa = PBXBuildFile; fileRef = 679D0DD9B5494052A8700B4E /* libz.dylib */; };
		C6C848CD954C4F978F8A88A8 /* AppDelegate+APPAppEvent.m in Sources */ = {isa = PBXBuildFile; fileRef = D21818818EB64BBDB078D800 /* AppDelegate+APPAppEvent.m */; };
		FE1D1241E4B44788B30D02D6 /* CDVPlugin+APPAppEvent.m in Sources */ = {isa = PBXBuildFile; fileRef = 5A69003321254317BE173C12 /* CDVPlugin+APPAppEvent.m */; };
		85973FF115EC4E8C9B18C8CA /* APPLocalNotification.m in Sources */ = {isa = PBXBuildFile; fileRef = C4A42715DE054E8E943F0FDA /* APPLocalNotification.m */; };
		49BC31FEC3FD4BF2BCB48DC2 /* APPLocalNotificationOptions.m in Sources */ = {isa = PBXBuildFile; fileRef = 9490AFE9BE5342E4A4693EAF /* APPLocalNotificationOptions.m */; };
		553F7A73F0D94286A43DC2A9 /* UIApplication+APPLocalNotification.m in Sources */ = {isa = PBXBuildFile; fileRef = FBC85F3114B3452F83968DE0 /* UIApplication+APPLocalNotification.m */; };
		43D5F4D961A14B2888076B39 /* UILocalNotification+APPLocalNotification.m in Sources */ = {isa = PBXBuildFile; fileRef = 2AC075B1110B4E5A924731AA /* UILocalNotification+APPLocalNotification.m */; };
		C55F2DCC851349728847AB6C /* FileOpener2.m in Sources */ = {isa = PBXBuildFile; fileRef = 3F3F0013BD304BD59787B0E6 /* FileOpener2.m */; };
		09E9426EBA4B48D693A5EF8C /* SQLitePlugin.m in Sources */ = {isa = PBXBuildFile; fileRef = F530640B8E954D02B2A26445 /* SQLitePlugin.m */; };
		DBC61FEF7488402CBB2118B7 /* PSPDFThreadSafeMutableDictionary.m in Sources */ = {isa = PBXBuildFile; fileRef = 1C974282612A41CEAC5E6C7E /* PSPDFThreadSafeMutableDictionary.m */; settings = {COMPILER_FLAGS = "-w"; }; };
		E75807FACD1C438B84F1D639 /* sqlite3_regexp.c in Resources */ = {isa = PBXBuildFile; fileRef = D32647180DD14FF59F78DD1C /* sqlite3_regexp.c */; };
		6FC8C99D309E4C70AE520C67 /* sqlite3_base64.c in Resources */ = {isa = PBXBuildFile; fileRef = 56EB2C36077949FBB7421FFF /* sqlite3_base64.c */; };
		A85E0D05E16740ADB9574DAC /* cencode.c in Resources */ = {isa = PBXBuildFile; fileRef = 04D2744BFA62421683976F23 /* cencode.c */; };
		D2E2B056A49F405AB2EA69FA /* sqlite3.c in Resources */ = {isa = PBXBuildFile; fileRef = 8A66A5B807EB4D3F943E063E /* sqlite3.c */; settings = {COMPILER_FLAGS = "-w -DSQLITE_THREADSAFE=1 -DSQLITE_DEFAULT_SYNCHRONOUS=3 -DSQLITE_LOCKING_STYLE=1 -DHAVE_USLEEP=1 -DSQLITE_DEFAULT_MEMSTATUS=0 -DSQLITE_OMIT_DECLTYPE -DSQLITE_OMIT_DEPRECATED -DSQLITE_OMIT_PROGRESS_CALLBACK -DSQLITE_OMIT_SHARED_CACHE -DSQLITE_TEMP_STORE=2 -DSQLITE_OMIT_LOAD_EXTENSION -DSQLITE_ENABLE_FTS3 -DSQLITE_ENABLE_FTS3_PARENTHESIS -DSQLITE_ENABLE_FTS4 -DSQLITE_ENABLE_FTS5 -DSQLITE_ENABLE_RTREE -DSQLITE_ENABLE_JSON1 -DSQLITE_DEFAULT_PAGE_SIZE=4096 -DSQLITE_DEFAULT_CACHE_SIZE=-2000"; }; };
		FEA27329CDB44CEA95EDB75B /* APPBadge.m in Sources */ = {isa = PBXBuildFile; fileRef = 24F482CC290A4EFC80B473D8 /* APPBadge.m */; };
/* End PBXBuildFile section */

/* Begin PBXContainerItemProxy section */
		301BF534109A57CC0062928A /* PBXContainerItemProxy */ = {
			isa = PBXContainerItemProxy;
			containerPortal = 301BF52D109A57CC0062928A /* CordovaLib.xcodeproj */;
			proxyType = 2;
			remoteGlobalIDString = D2AAC07E0554694100DB518D;
			remoteInfo = CordovaLib;
		};
		301BF550109A68C00062928A /* PBXContainerItemProxy */ = {
			isa = PBXContainerItemProxy;
			containerPortal = 301BF52D109A57CC0062928A /* CordovaLib.xcodeproj */;
			proxyType = 1;
			remoteGlobalIDString = D2AAC07D0554694100DB518D;
			remoteInfo = CordovaLib;
		};
/* End PBXContainerItemProxy section */

/* Begin PBXFileReference section */
		0207DA571B56EA530066E2B4 /* Images.xcassets */ = {isa = PBXFileReference; lastKnownFileType = folder.assetcatalog; name = Images.xcassets; path = "Moodle/Images.xcassets"; sourceTree = SOURCE_ROOT; };
		1D3623240D0F684500981E51 /* AppDelegate.h */ = {isa = PBXFileReference; fileEncoding = 4; lastKnownFileType = sourcecode.c.h; path = AppDelegate.h; sourceTree = "<group>"; };
		1D3623250D0F684500981E51 /* AppDelegate.m */ = {isa = PBXFileReference; fileEncoding = 4; lastKnownFileType = sourcecode.c.objc; path = AppDelegate.m; sourceTree = "<group>"; };
		1D6058910D05DD3D006BFB54 /* Moodle.app */ = {isa = PBXFileReference; explicitFileType = wrapper.application; includeInIndex = 0; path = "Moodle.app"; sourceTree = BUILT_PRODUCTS_DIR; };
		29B97316FDCFA39411CA2CEA /* main.m */ = {isa = PBXFileReference; fileEncoding = 4; lastKnownFileType = sourcecode.c.objc; path = main.m; sourceTree = "<group>"; };
		301BF52D109A57CC0062928A /* CordovaLib.xcodeproj */ = {isa = PBXFileReference; lastKnownFileType = "wrapper.pb-project"; name = CordovaLib.xcodeproj; path = CordovaLib/CordovaLib.xcodeproj; sourceTree = "<group>"; };
		301BF56E109A69640062928A /* www */ = {isa = PBXFileReference; lastKnownFileType = folder; path = www; sourceTree = SOURCE_ROOT; };
		302D95EE14D2391D003F00A1 /* MainViewController.h */ = {isa = PBXFileReference; fileEncoding = 4; lastKnownFileType = sourcecode.c.h; path = MainViewController.h; sourceTree = "<group>"; };
		302D95EF14D2391D003F00A1 /* MainViewController.m */ = {isa = PBXFileReference; fileEncoding = 4; lastKnownFileType = sourcecode.c.objc; path = MainViewController.m; sourceTree = "<group>"; };
		302D95F014D2391D003F00A1 /* MainViewController.xib */ = {isa = PBXFileReference; fileEncoding = 4; lastKnownFileType = file.xib; path = MainViewController.xib; sourceTree = "<group>"; };
		3047A50F1AB8059700498E2A /* build-debug.xcconfig */ = {isa = PBXFileReference; fileEncoding = 4; lastKnownFileType = text.xcconfig; name = "build-debug.xcconfig"; path = cordova/build-debug.xcconfig; sourceTree = SOURCE_ROOT; };
		3047A5101AB8059700498E2A /* build-release.xcconfig */ = {isa = PBXFileReference; fileEncoding = 4; lastKnownFileType = text.xcconfig; name = "build-release.xcconfig"; path = cordova/build-release.xcconfig; sourceTree = SOURCE_ROOT; };
		3047A5111AB8059700498E2A /* build.xcconfig */ = {isa = PBXFileReference; fileEncoding = 4; lastKnownFileType = text.xcconfig; name = build.xcconfig; path = cordova/build.xcconfig; sourceTree = SOURCE_ROOT; };
		32CA4F630368D1EE00C91783 /* Moodle-Prefix.pch */ = {isa = PBXFileReference; fileEncoding = 4; lastKnownFileType = sourcecode.c.h; path = "Moodle-Prefix.pch"; sourceTree = "<group>"; };
		6AFF5BF81D6E424B00AB3073 /* CDVLaunchScreen.storyboard */ = {isa = PBXFileReference; fileEncoding = 4; lastKnownFileType = file.storyboard; name = CDVLaunchScreen.storyboard; path = "Moodle/CDVLaunchScreen.storyboard"; sourceTree = SOURCE_ROOT; };
		8D1107310486CEB800E47090 /* Moodle-Info.plist */ = {isa = PBXFileReference; fileEncoding = 4; lastKnownFileType = text.plist.xml; name = "Moodle-Info.plist"; path = "Moodle/Moodle-Info.plist"; plistStructureDefinitionIdentifier = "com.apple.xcode.plist.structure-definition.iphone.info-plist"; sourceTree = SOURCE_ROOT; };
		EB87FDF31871DA8E0020F90C /* www */ = {isa = PBXFileReference; lastKnownFileType = folder; name = www; path = ../../www; sourceTree = "<group>"; };
		EB87FDF41871DAF40020F90C /* config.xml */ = {isa = PBXFileReference; lastKnownFileType = text.xml; name = config.xml; path = ../../config.xml; sourceTree = "<group>"; };
		F840E1F0165FE0F500CFE078 /* config.xml */ = {isa = PBXFileReference; lastKnownFileType = text.xml; name = config.xml; path = "Moodle/config.xml"; sourceTree = "<group>"; };
		ED33DF2A687741AEAF9F8254 /* Bridging-Header.h */ = {isa = PBXFileReference; fileEncoding = 4; lastKnownFileType = sourcecode.c.h; name = "Bridging-Header.h"; path = "Bridging-Header.h"; sourceTree = "<group>"; };
		9177F54CBF8D4B47B093922B /* CDVFile.m */ = {isa = PBXFileReference; name = "CDVFile.m"; path = "cordova-plugin-file/CDVFile.m"; sourceTree = "<group>"; fileEncoding = 4; lastKnownFileType = sourcecode.c.objc; explicitFileType = undefined; includeInIndex = 0; };
		B0E45CDDD3664795B505B337 /* CDVLocalFilesystem.m */ = {isa = PBXFileReference; name = "CDVLocalFilesystem.m"; path = "cordova-plugin-file/CDVLocalFilesystem.m"; sourceTree = "<group>"; fileEncoding = 4; lastKnownFileType = sourcecode.c.objc; explicitFileType = undefined; includeInIndex = 0; };
		658905A6C98E48B6AC8AB014 /* CDVAssetLibraryFilesystem.m */ = {isa = PBXFileReference; name = "CDVAssetLibraryFilesystem.m"; path = "cordova-plugin-file/CDVAssetLibraryFilesystem.m"; sourceTree = "<group>"; fileEncoding = 4; lastKnownFileType = sourcecode.c.objc; explicitFileType = undefined; includeInIndex = 0; };
		AF8745EA2E43496F949CAD09 /* CDVFile.h */ = {isa = PBXFileReference; name = "CDVFile.h"; path = "cordova-plugin-file/CDVFile.h"; sourceTree = "<group>"; fileEncoding = 4; lastKnownFileType = sourcecode.c.h; explicitFileType = undefined; includeInIndex = 0; };
		900EBEF01BD94508B2C6CFFC /* CDVLocalFilesystem.h */ = {isa = PBXFileReference; name = "CDVLocalFilesystem.h"; path = "cordova-plugin-file/CDVLocalFilesystem.h"; sourceTree = "<group>"; fileEncoding = 4; lastKnownFileType = sourcecode.c.h; explicitFileType = undefined; includeInIndex = 0; };
		C72A886929D54F698115F685 /* CDVAssetLibraryFilesystem.h */ = {isa = PBXFileReference; name = "CDVAssetLibraryFilesystem.h"; path = "cordova-plugin-file/CDVAssetLibraryFilesystem.h"; sourceTree = "<group>"; fileEncoding = 4; lastKnownFileType = sourcecode.c.h; explicitFileType = undefined; includeInIndex = 0; };
		A47174AE4BF9416A8F26EFBE /* CDVFileTransfer.m */ = {isa = PBXFileReference; name = "CDVFileTransfer.m"; path = "cordova-plugin-file-transfer/CDVFileTransfer.m"; sourceTree = "<group>"; fileEncoding = 4; lastKnownFileType = sourcecode.c.objc; explicitFileType = undefined; includeInIndex = 0; };
		04B1468B0C564EC3A69C1FEB /* CDVFileTransfer.h */ = {isa = PBXFileReference; name = "CDVFileTransfer.h"; path = "cordova-plugin-file-transfer/CDVFileTransfer.h"; sourceTree = "<group>"; fileEncoding = 4; lastKnownFileType = sourcecode.c.h; explicitFileType = undefined; includeInIndex = 0; };
		F47573B55FBC43A38947392D /* UIImage+CropScaleOrientation.m */ = {isa = PBXFileReference; name = "UIImage+CropScaleOrientation.m"; path = "cordova-plugin-camera/UIImage+CropScaleOrientation.m"; sourceTree = "<group>"; fileEncoding = 4; lastKnownFileType = sourcecode.c.objc; explicitFileType = undefined; includeInIndex = 0; };
		0739B8A051BB4758BC9E1444 /* CDVCamera.m */ = {isa = PBXFileReference; name = "CDVCamera.m"; path = "cordova-plugin-camera/CDVCamera.m"; sourceTree = "<group>"; fileEncoding = 4; lastKnownFileType = sourcecode.c.objc; explicitFileType = undefined; includeInIndex = 0; };
		0D46083B5B35427C9ED09028 /* CDVJpegHeaderWriter.m */ = {isa = PBXFileReference; name = "CDVJpegHeaderWriter.m"; path = "cordova-plugin-camera/CDVJpegHeaderWriter.m"; sourceTree = "<group>"; fileEncoding = 4; lastKnownFileType = sourcecode.c.objc; explicitFileType = undefined; includeInIndex = 0; };
		3807D993367A422BA493ED5E /* UIImage+CropScaleOrientation.h */ = {isa = PBXFileReference; name = "UIImage+CropScaleOrientation.h"; path = "cordova-plugin-camera/UIImage+CropScaleOrientation.h"; sourceTree = "<group>"; fileEncoding = 4; lastKnownFileType = sourcecode.c.h; explicitFileType = undefined; includeInIndex = 0; };
		98EAFED81E6A4FD1B1BDD160 /* CDVCamera.h */ = {isa = PBXFileReference; name = "CDVCamera.h"; path = "cordova-plugin-camera/CDVCamera.h"; sourceTree = "<group>"; fileEncoding = 4; lastKnownFileType = sourcecode.c.h; explicitFileType = undefined; includeInIndex = 0; };
		F94FB2E5E33646D585150B25 /* CDVJpegHeaderWriter.h */ = {isa = PBXFileReference; name = "CDVJpegHeaderWriter.h"; path = "cordova-plugin-camera/CDVJpegHeaderWriter.h"; sourceTree = "<group>"; fileEncoding = 4; lastKnownFileType = sourcecode.c.h; explicitFileType = undefined; includeInIndex = 0; };
		F7599715BE9A449CB606E3DD /* CDVExif.h */ = {isa = PBXFileReference; name = "CDVExif.h"; path = "cordova-plugin-camera/CDVExif.h"; sourceTree = "<group>"; fileEncoding = 4; lastKnownFileType = sourcecode.c.h; explicitFileType = undefined; includeInIndex = 0; };
		35D6BF65E8B348758BD51B2A /* ImageIO.framework */ = {isa = PBXFileReference; name = "ImageIO.framework"; path = "System/Library/Frameworks/ImageIO.framework"; sourceTree = SDKROOT; fileEncoding = undefined; lastKnownFileType = wrapper.framework; explicitFileType = undefined; includeInIndex = 0; };
		E14653F799C442E4910AF1EE /* CoreLocation.framework */ = {isa = PBXFileReference; name = "CoreLocation.framework"; path = "System/Library/Frameworks/CoreLocation.framework"; sourceTree = SDKROOT; fileEncoding = undefined; lastKnownFileType = wrapper.framework; explicitFileType = undefined; includeInIndex = 0; };
		E066FB7847734183A1396BEA /* AVFoundation.framework */ = {isa = PBXFileReference; name = "AVFoundation.framework"; path = "System/Library/Frameworks/AVFoundation.framework"; sourceTree = SDKROOT; fileEncoding = undefined; lastKnownFileType = wrapper.framework; explicitFileType = undefined; includeInIndex = 0; };
		F76F936C509849ADB9B68894 /* CDVCapture.m */ = {isa = PBXFileReference; name = "CDVCapture.m"; path = "cordova-plugin-media-capture/CDVCapture.m"; sourceTree = "<group>"; fileEncoding = 4; lastKnownFileType = sourcecode.c.objc; explicitFileType = undefined; includeInIndex = 0; };
		18FA21B4DE85440D86F2C6C4 /* CDVCapture.h */ = {isa = PBXFileReference; name = "CDVCapture.h"; path = "cordova-plugin-media-capture/CDVCapture.h"; sourceTree = "<group>"; fileEncoding = 4; lastKnownFileType = sourcecode.c.h; explicitFileType = undefined; includeInIndex = 0; };
		F83B6F5A786D41B8BDA5960C /* CDVCapture.bundle */ = {isa = PBXFileReference; name = "CDVCapture.bundle"; path = "CDVCapture.bundle"; sourceTree = "<group>"; fileEncoding = undefined; lastKnownFileType = wrapper.plug-in; explicitFileType = undefined; includeInIndex = 0; };
		AA13EF6007D74BC4A0735A47 /* CDVDevice.m */ = {isa = PBXFileReference; name = "CDVDevice.m"; path = "cordova-plugin-device/CDVDevice.m"; sourceTree = "<group>"; fileEncoding = 4; lastKnownFileType = sourcecode.c.objc; explicitFileType = undefined; includeInIndex = 0; };
		61B70BA53D11431E8991B421 /* CDVDevice.h */ = {isa = PBXFileReference; name = "CDVDevice.h"; path = "cordova-plugin-device/CDVDevice.h"; sourceTree = "<group>"; fileEncoding = 4; lastKnownFileType = sourcecode.c.h; explicitFileType = undefined; includeInIndex = 0; };
		0A7F89F1CA3C4772A85BF8EF /* libz.tbd */ = {isa = PBXFileReference; name = "libz.tbd"; path = "usr/lib/libz.tbd"; sourceTree = SDKROOT; fileEncoding = undefined; lastKnownFileType = sourcecode.text-based-dylib-definition; explicitFileType = undefined; includeInIndex = 0; };
		EABAF8788ECD4B2A97AA6204 /* CDVGlobalization.m */ = {isa = PBXFileReference; name = "CDVGlobalization.m"; path = "cordova-plugin-globalization/CDVGlobalization.m"; sourceTree = "<group>"; fileEncoding = 4; lastKnownFileType = sourcecode.c.objc; explicitFileType = undefined; includeInIndex = 0; };
		CC6730C752ED4606B3042C6E /* CDVGlobalization.h */ = {isa = PBXFileReference; name = "CDVGlobalization.h"; path = "cordova-plugin-globalization/CDVGlobalization.h"; sourceTree = "<group>"; fileEncoding = 4; lastKnownFileType = sourcecode.c.h; explicitFileType = undefined; includeInIndex = 0; };
		7EC27E0F7C9E429B829EF22D /* CDVInAppBrowser.m */ = {isa = PBXFileReference; name = "CDVInAppBrowser.m"; path = "cordova-plugin-inappbrowser/CDVInAppBrowser.m"; sourceTree = "<group>"; fileEncoding = 4; lastKnownFileType = sourcecode.c.objc; explicitFileType = undefined; includeInIndex = 0; };
		D3975083DCC44C1781C0BB47 /* CDVInAppBrowser.h */ = {isa = PBXFileReference; name = "CDVInAppBrowser.h"; path = "cordova-plugin-inappbrowser/CDVInAppBrowser.h"; sourceTree = "<group>"; fileEncoding = 4; lastKnownFileType = sourcecode.c.h; explicitFileType = undefined; includeInIndex = 0; };
		4AFC3E2CB350456AABE9ED20 /* CDVConnection.m */ = {isa = PBXFileReference; name = "CDVConnection.m"; path = "cordova-plugin-network-information/CDVConnection.m"; sourceTree = "<group>"; fileEncoding = 4; lastKnownFileType = sourcecode.c.objc; explicitFileType = undefined; includeInIndex = 0; };
		427272FF3C6A4F81B4501317 /* CDVReachability.m */ = {isa = PBXFileReference; name = "CDVReachability.m"; path = "cordova-plugin-network-information/CDVReachability.m"; sourceTree = "<group>"; fileEncoding = 4; lastKnownFileType = sourcecode.c.objc; explicitFileType = undefined; includeInIndex = 0; };
		B5AE9F81C1684CDF810EEDA4 /* CDVConnection.h */ = {isa = PBXFileReference; name = "CDVConnection.h"; path = "cordova-plugin-network-information/CDVConnection.h"; sourceTree = "<group>"; fileEncoding = 4; lastKnownFileType = sourcecode.c.h; explicitFileType = undefined; includeInIndex = 0; };
		EBF5F637B43B4EBA9DDFF31A /* CDVReachability.h */ = {isa = PBXFileReference; name = "CDVReachability.h"; path = "cordova-plugin-network-information/CDVReachability.h"; sourceTree = "<group>"; fileEncoding = 4; lastKnownFileType = sourcecode.c.h; explicitFileType = undefined; includeInIndex = 0; };
		F32486360A10479AB5420A55 /* SystemConfiguration.framework */ = {isa = PBXFileReference; name = "SystemConfiguration.framework"; path = "System/Library/Frameworks/SystemConfiguration.framework"; sourceTree = SDKROOT; fileEncoding = undefined; lastKnownFileType = wrapper.framework; explicitFileType = undefined; includeInIndex = 0; };
		8B4A19AD34C54C33A493A111 /* CoreTelephony.framework */ = {isa = PBXFileReference; name = "CoreTelephony.framework"; path = "System/Library/Frameworks/CoreTelephony.framework"; sourceTree = SDKROOT; fileEncoding = undefined; lastKnownFileType = wrapper.framework; explicitFileType = undefined; includeInIndex = 0; };
		1B19A14B964149E8B6233033 /* CDVStatusBar.m */ = {isa = PBXFileReference; name = "CDVStatusBar.m"; path = "cordova-plugin-statusbar/CDVStatusBar.m"; sourceTree = "<group>"; fileEncoding = 4; lastKnownFileType = sourcecode.c.objc; explicitFileType = undefined; includeInIndex = 0; };
		811A77B2D50D41719E64F2D3 /* CDVStatusBar.h */ = {isa = PBXFileReference; name = "CDVStatusBar.h"; path = "cordova-plugin-statusbar/CDVStatusBar.h"; sourceTree = "<group>"; fileEncoding = 4; lastKnownFileType = sourcecode.c.h; explicitFileType = undefined; includeInIndex = 0; };
		1F35359CD4D84937A4CAB362 /* CDVSplashScreen.m */ = {isa = PBXFileReference; name = "CDVSplashScreen.m"; path = "cordova-plugin-splashscreen/CDVSplashScreen.m"; sourceTree = "<group>"; fileEncoding = 4; lastKnownFileType = sourcecode.c.objc; explicitFileType = undefined; includeInIndex = 0; };
		B35122279357426487C5DEDC /* CDVViewController+SplashScreen.m */ = {isa = PBXFileReference; name = "CDVViewController+SplashScreen.m"; path = "cordova-plugin-splashscreen/CDVViewController+SplashScreen.m"; sourceTree = "<group>"; fileEncoding = 4; lastKnownFileType = sourcecode.c.objc; explicitFileType = undefined; includeInIndex = 0; };
		0DF6D90D9A074CF598CAA9A4 /* CDVSplashScreen.h */ = {isa = PBXFileReference; name = "CDVSplashScreen.h"; path = "cordova-plugin-splashscreen/CDVSplashScreen.h"; sourceTree = "<group>"; fileEncoding = 4; lastKnownFileType = sourcecode.c.h; explicitFileType = undefined; includeInIndex = 0; };
		9A0BF8640035421290557ABC /* CDVViewController+SplashScreen.h */ = {isa = PBXFileReference; name = "CDVViewController+SplashScreen.h"; path = "cordova-plugin-splashscreen/CDVViewController+SplashScreen.h"; sourceTree = "<group>"; fileEncoding = 4; lastKnownFileType = sourcecode.c.h; explicitFileType = undefined; includeInIndex = 0; };
		4F728C47AC4D4E40A02281E2 /* CDVClipboard.m */ = {isa = PBXFileReference; name = "CDVClipboard.m"; path = "cordova-clipboard/CDVClipboard.m"; sourceTree = "<group>"; fileEncoding = 4; lastKnownFileType = sourcecode.c.objc; explicitFileType = undefined; includeInIndex = 0; };
		98B563C21C604A3C8D99B0C4 /* CDVClipboard.h */ = {isa = PBXFileReference; name = "CDVClipboard.h"; path = "cordova-clipboard/CDVClipboard.h"; sourceTree = "<group>"; fileEncoding = 4; lastKnownFileType = sourcecode.c.h; explicitFileType = undefined; includeInIndex = 0; };
		5FFF61F78C534ADF8762E644 /* BackgroundAudio.m */ = {isa = PBXFileReference; name = "BackgroundAudio.m"; path = "nl.kingsquare.cordova.background-audio/BackgroundAudio.m"; sourceTree = "<group>"; fileEncoding = 4; lastKnownFileType = sourcecode.c.objc; explicitFileType = undefined; includeInIndex = 0; };
		00FCA01B2FF34B7EB8BB04CD /* AppDelegate+notification.m */ = {isa = PBXFileReference; name = "AppDelegate+notification.m"; path = "phonegap-plugin-push/AppDelegate+notification.m"; sourceTree = "<group>"; fileEncoding = 4; lastKnownFileType = sourcecode.c.objc; explicitFileType = undefined; includeInIndex = 0; };
		32253BC993814A4C960E686E /* PushPlugin.m */ = {isa = PBXFileReference; name = "PushPlugin.m"; path = "phonegap-plugin-push/PushPlugin.m"; sourceTree = "<group>"; fileEncoding = 4; lastKnownFileType = sourcecode.c.objc; explicitFileType = undefined; includeInIndex = 0; };
		6DC848700D314369AB860A51 /* AppDelegate+notification.h */ = {isa = PBXFileReference; name = "AppDelegate+notification.h"; path = "phonegap-plugin-push/AppDelegate+notification.h"; sourceTree = "<group>"; fileEncoding = 4; lastKnownFileType = sourcecode.c.h; explicitFileType = undefined; includeInIndex = 0; };
		30458EDA82EE4EFF8E6275F4 /* PushPlugin.h */ = {isa = PBXFileReference; name = "PushPlugin.h"; path = "phonegap-plugin-push/PushPlugin.h"; sourceTree = "<group>"; fileEncoding = 4; lastKnownFileType = sourcecode.c.h; explicitFileType = undefined; includeInIndex = 0; };
		53534A2B333E46D3B4F591D7 /* AddressBook.framework */ = {isa = PBXFileReference; name = "AddressBook.framework"; path = "System/Library/Frameworks/AddressBook.framework"; sourceTree = SDKROOT; fileEncoding = undefined; lastKnownFileType = wrapper.framework; explicitFileType = undefined; includeInIndex = 0; };
		F6EE1C29F7D845459438ED79 /* libsqlite3.tbd */ = {isa = PBXFileReference; name = "libsqlite3.tbd"; path = "usr/lib/libsqlite3.tbd"; sourceTree = SDKROOT; fileEncoding = undefined; lastKnownFileType = sourcecode.text-based-dylib-definition; explicitFileType = undefined; includeInIndex = 0; };
		6AA9D6563E674515B0B78F98 /* IonicKeyboard.m */ = {isa = PBXFileReference; name = "IonicKeyboard.m"; path = "ionic-plugin-keyboard/IonicKeyboard.m"; sourceTree = "<group>"; fileEncoding = 4; lastKnownFileType = sourcecode.c.objc; explicitFileType = undefined; includeInIndex = 0; };
		91884D1787144365B59CD0C6 /* IonicKeyboard.h */ = {isa = PBXFileReference; name = "IonicKeyboard.h"; path = "ionic-plugin-keyboard/IonicKeyboard.h"; sourceTree = "<group>"; fileEncoding = 4; lastKnownFileType = sourcecode.c.h; explicitFileType = undefined; includeInIndex = 0; };
		506F5AF2B424443D9B15AA4C /* ZipPlugin.m */ = {isa = PBXFileReference; name = "ZipPlugin.m"; path = "cordova-plugin-zip/ZipPlugin.m"; sourceTree = "<group>"; fileEncoding = 4; lastKnownFileType = sourcecode.c.objc; explicitFileType = undefined; includeInIndex = 0; };
		8CF0DEBCD0F5423AB6963BBB /* aescrypt.c */ = {isa = PBXFileReference; name = "aescrypt.c"; path = "cordova-plugin-zip/Plugins/aes/aescrypt.c"; sourceTree = "<group>"; fileEncoding = undefined; lastKnownFileType = unknown; explicitFileType = undefined; includeInIndex = 0; };
		E18AF7A1AB39439CA702BB94 /* aeskey.c */ = {isa = PBXFileReference; name = "aeskey.c"; path = "cordova-plugin-zip/Plugins/aes/aeskey.c"; sourceTree = "<group>"; fileEncoding = undefined; lastKnownFileType = unknown; explicitFileType = undefined; includeInIndex = 0; };
		98FBA5A04E544F8AA95A7F27 /* aestab.c */ = {isa = PBXFileReference; name = "aestab.c"; path = "cordova-plugin-zip/Plugins/aes/aestab.c"; sourceTree = "<group>"; fileEncoding = undefined; lastKnownFileType = unknown; explicitFileType = undefined; includeInIndex = 0; };
		7E0FB869650F405F8F9A2986 /* entropy.c */ = {isa = PBXFileReference; name = "entropy.c"; path = "cordova-plugin-zip/Plugins/aes/entropy.c"; sourceTree = "<group>"; fileEncoding = undefined; lastKnownFileType = unknown; explicitFileType = undefined; includeInIndex = 0; };
		48022933897540CFBC6E7D94 /* fileenc.c */ = {isa = PBXFileReference; name = "fileenc.c"; path = "cordova-plugin-zip/Plugins/aes/fileenc.c"; sourceTree = "<group>"; fileEncoding = undefined; lastKnownFileType = unknown; explicitFileType = undefined; includeInIndex = 0; };
		AC91F7BF1DDC4155A047E941 /* hmac.c */ = {isa = PBXFileReference; name = "hmac.c"; path = "cordova-plugin-zip/Plugins/aes/hmac.c"; sourceTree = "<group>"; fileEncoding = undefined; lastKnownFileType = unknown; explicitFileType = undefined; includeInIndex = 0; };
		30C382AF74CF481C9EEAF6A0 /* prng.c */ = {isa = PBXFileReference; name = "prng.c"; path = "cordova-plugin-zip/Plugins/aes/prng.c"; sourceTree = "<group>"; fileEncoding = undefined; lastKnownFileType = unknown; explicitFileType = undefined; includeInIndex = 0; };
		A6D3F0ACE6884EFAA76221EC /* pwd2key.c */ = {isa = PBXFileReference; name = "pwd2key.c"; path = "cordova-plugin-zip/Plugins/aes/pwd2key.c"; sourceTree = "<group>"; fileEncoding = undefined; lastKnownFileType = unknown; explicitFileType = undefined; includeInIndex = 0; };
		D1D657F52CAB4A65BA777BBE /* sha1.c */ = {isa = PBXFileReference; name = "sha1.c"; path = "cordova-plugin-zip/Plugins/aes/sha1.c"; sourceTree = "<group>"; fileEncoding = undefined; lastKnownFileType = unknown; explicitFileType = undefined; includeInIndex = 0; };
		B3EF2E18ED0C40DFA6331EEE /* SSZipArchive.m */ = {isa = PBXFileReference; name = "SSZipArchive.m"; path = "cordova-plugin-zip/Plugins/minizip/SSZipArchive.m"; sourceTree = "<group>"; fileEncoding = 4; lastKnownFileType = sourcecode.c.objc; explicitFileType = undefined; includeInIndex = 0; };
		A580C36DCA7B48299522E66D /* zip.c */ = {isa = PBXFileReference; name = "zip.c"; path = "cordova-plugin-zip/Plugins/minizip/zip.c"; sourceTree = "<group>"; fileEncoding = undefined; lastKnownFileType = unknown; explicitFileType = undefined; includeInIndex = 0; };
		13F1D0ABFF3B4C02BB5CB77E /* unzip.c */ = {isa = PBXFileReference; name = "unzip.c"; path = "cordova-plugin-zip/Plugins/minizip/unzip.c"; sourceTree = "<group>"; fileEncoding = undefined; lastKnownFileType = unknown; explicitFileType = undefined; includeInIndex = 0; };
		491ED3D6EB0A4747AB3FEA2F /* mztools.c */ = {isa = PBXFileReference; name = "mztools.c"; path = "cordova-plugin-zip/Plugins/minizip/mztools.c"; sourceTree = "<group>"; fileEncoding = undefined; lastKnownFileType = unknown; explicitFileType = undefined; includeInIndex = 0; };
		037772A4C6CA446A92DBA336 /* ioapi.c */ = {isa = PBXFileReference; name = "ioapi.c"; path = "cordova-plugin-zip/Plugins/minizip/ioapi.c"; sourceTree = "<group>"; fileEncoding = undefined; lastKnownFileType = unknown; explicitFileType = undefined; includeInIndex = 0; };
		5BAE02B086B542EDA880DDB8 /* ZipPlugin.h */ = {isa = PBXFileReference; name = "ZipPlugin.h"; path = "cordova-plugin-zip/ZipPlugin.h"; sourceTree = "<group>"; fileEncoding = 4; lastKnownFileType = sourcecode.c.h; explicitFileType = undefined; includeInIndex = 0; };
		108721E843F34B89A036F880 /* Common.h */ = {isa = PBXFileReference; name = "Common.h"; path = "cordova-plugin-zip/Common.h"; sourceTree = "<group>"; fileEncoding = 4; lastKnownFileType = sourcecode.c.h; explicitFileType = undefined; includeInIndex = 0; };
		430C4E54F6C74915896324A6 /* aes.h */ = {isa = PBXFileReference; name = "aes.h"; path = "cordova-plugin-zip/Plugins/aes/aes.h"; sourceTree = "<group>"; fileEncoding = 4; lastKnownFileType = sourcecode.c.h; explicitFileType = undefined; includeInIndex = 0; };
		91C3AD875FB14E2EA967D241 /* aes_via_ace.h */ = {isa = PBXFileReference; name = "aes_via_ace.h"; path = "cordova-plugin-zip/Plugins/aes/aes_via_ace.h"; sourceTree = "<group>"; fileEncoding = 4; lastKnownFileType = sourcecode.c.h; explicitFileType = undefined; includeInIndex = 0; };
		2969D912E09A44C184B53F19 /* aesopt.h */ = {isa = PBXFileReference; name = "aesopt.h"; path = "cordova-plugin-zip/Plugins/aes/aesopt.h"; sourceTree = "<group>"; fileEncoding = 4; lastKnownFileType = sourcecode.c.h; explicitFileType = undefined; includeInIndex = 0; };
		2AC70D3963A94ED1A8D59CD3 /* aestab.h */ = {isa = PBXFileReference; name = "aestab.h"; path = "cordova-plugin-zip/Plugins/aes/aestab.h"; sourceTree = "<group>"; fileEncoding = 4; lastKnownFileType = sourcecode.c.h; explicitFileType = undefined; includeInIndex = 0; };
		DD826FC4EB00498D8BE8F3FA /* brg_endian.h */ = {isa = PBXFileReference; name = "brg_endian.h"; path = "cordova-plugin-zip/Plugins/aes/brg_endian.h"; sourceTree = "<group>"; fileEncoding = 4; lastKnownFileType = sourcecode.c.h; explicitFileType = undefined; includeInIndex = 0; };
		4E6DB1799B6C46C186FF0218 /* brg_types.h */ = {isa = PBXFileReference; name = "brg_types.h"; path = "cordova-plugin-zip/Plugins/aes/brg_types.h"; sourceTree = "<group>"; fileEncoding = 4; lastKnownFileType = sourcecode.c.h; explicitFileType = undefined; includeInIndex = 0; };
		2665EEA585D94F1E98D46AF3 /* entropy.h */ = {isa = PBXFileReference; name = "entropy.h"; path = "cordova-plugin-zip/Plugins/aes/entropy.h"; sourceTree = "<group>"; fileEncoding = 4; lastKnownFileType = sourcecode.c.h; explicitFileType = undefined; includeInIndex = 0; };
		C3226DE052364648841017D1 /* fileenc.h */ = {isa = PBXFileReference; name = "fileenc.h"; path = "cordova-plugin-zip/Plugins/aes/fileenc.h"; sourceTree = "<group>"; fileEncoding = 4; lastKnownFileType = sourcecode.c.h; explicitFileType = undefined; includeInIndex = 0; };
		B4F48A7661D94DDBAA89CF22 /* hmac.h */ = {isa = PBXFileReference; name = "hmac.h"; path = "cordova-plugin-zip/Plugins/aes/hmac.h"; sourceTree = "<group>"; fileEncoding = 4; lastKnownFileType = sourcecode.c.h; explicitFileType = undefined; includeInIndex = 0; };
		03F9B04D193441D68D1B330A /* prng.h */ = {isa = PBXFileReference; name = "prng.h"; path = "cordova-plugin-zip/Plugins/aes/prng.h"; sourceTree = "<group>"; fileEncoding = 4; lastKnownFileType = sourcecode.c.h; explicitFileType = undefined; includeInIndex = 0; };
		C1F7C86AC02E4D1287CE4007 /* pwd2key.h */ = {isa = PBXFileReference; name = "pwd2key.h"; path = "cordova-plugin-zip/Plugins/aes/pwd2key.h"; sourceTree = "<group>"; fileEncoding = 4; lastKnownFileType = sourcecode.c.h; explicitFileType = undefined; includeInIndex = 0; };
		FC299865EA174E0C9E7EFC25 /* sha1.h */ = {isa = PBXFileReference; name = "sha1.h"; path = "cordova-plugin-zip/Plugins/aes/sha1.h"; sourceTree = "<group>"; fileEncoding = 4; lastKnownFileType = sourcecode.c.h; explicitFileType = undefined; includeInIndex = 0; };
		8D5212CF4208402AAC0F3719 /* SSZipArchive.h */ = {isa = PBXFileReference; name = "SSZipArchive.h"; path = "cordova-plugin-zip/Plugins/minizip/SSZipArchive.h"; sourceTree = "<group>"; fileEncoding = 4; lastKnownFileType = sourcecode.c.h; explicitFileType = undefined; includeInIndex = 0; };
		E26DD52AAA944C2294978A12 /* zip.h */ = {isa = PBXFileReference; name = "zip.h"; path = "cordova-plugin-zip/Plugins/minizip/zip.h"; sourceTree = "<group>"; fileEncoding = 4; lastKnownFileType = sourcecode.c.h; explicitFileType = undefined; includeInIndex = 0; };
		A2AADC11A8814FDDADF8CB94 /* unzip.h */ = {isa = PBXFileReference; name = "unzip.h"; path = "cordova-plugin-zip/Plugins/minizip/unzip.h"; sourceTree = "<group>"; fileEncoding = 4; lastKnownFileType = sourcecode.c.h; explicitFileType = undefined; includeInIndex = 0; };
		EE2F072D6A124C5AA2ADF245 /* mztools.h */ = {isa = PBXFileReference; name = "mztools.h"; path = "cordova-plugin-zip/Plugins/minizip/mztools.h"; sourceTree = "<group>"; fileEncoding = 4; lastKnownFileType = sourcecode.c.h; explicitFileType = undefined; includeInIndex = 0; };
		4C7288AED42040E3916AFA53 /* ioapi.h */ = {isa = PBXFileReference; name = "ioapi.h"; path = "cordova-plugin-zip/Plugins/minizip/ioapi.h"; sourceTree = "<group>"; fileEncoding = 4; lastKnownFileType = sourcecode.c.h; explicitFileType = undefined; includeInIndex = 0; };
		142BD23684B14F16A9B8094A /* crypt.h */ = {isa = PBXFileReference; name = "crypt.h"; path = "cordova-plugin-zip/Plugins/minizip/crypt.h"; sourceTree = "<group>"; fileEncoding = 4; lastKnownFileType = sourcecode.c.h; explicitFileType = undefined; includeInIndex = 0; };
		679D0DD9B5494052A8700B4E /* libz.dylib */ = {isa = PBXFileReference; name = "libz.dylib"; path = "usr/lib/libz.dylib"; sourceTree = SDKROOT; fileEncoding = undefined; lastKnownFileType = compiled.mach-o.dylib; explicitFileType = undefined; includeInIndex = 0; };
		D21818818EB64BBDB078D800 /* AppDelegate+APPAppEvent.m */ = {isa = PBXFileReference; name = "AppDelegate+APPAppEvent.m"; path = "cordova-plugin-app-event/AppDelegate+APPAppEvent.m"; sourceTree = "<group>"; fileEncoding = 4; lastKnownFileType = sourcecode.c.objc; explicitFileType = undefined; includeInIndex = 0; };
		5A69003321254317BE173C12 /* CDVPlugin+APPAppEvent.m */ = {isa = PBXFileReference; name = "CDVPlugin+APPAppEvent.m"; path = "cordova-plugin-app-event/CDVPlugin+APPAppEvent.m"; sourceTree = "<group>"; fileEncoding = 4; lastKnownFileType = sourcecode.c.objc; explicitFileType = undefined; includeInIndex = 0; };
		DF40F143DBAF41CE86D342AD /* AppDelegate+APPAppEvent.h */ = {isa = PBXFileReference; name = "AppDelegate+APPAppEvent.h"; path = "cordova-plugin-app-event/AppDelegate+APPAppEvent.h"; sourceTree = "<group>"; fileEncoding = 4; lastKnownFileType = sourcecode.c.h; explicitFileType = undefined; includeInIndex = 0; };
		E4AA9D2CA1C046F8A6741845 /* CDVPlugin+APPAppEvent.h */ = {isa = PBXFileReference; name = "CDVPlugin+APPAppEvent.h"; path = "cordova-plugin-app-event/CDVPlugin+APPAppEvent.h"; sourceTree = "<group>"; fileEncoding = 4; lastKnownFileType = sourcecode.c.h; explicitFileType = undefined; includeInIndex = 0; };
		C0ABC66B757B4C63BE87A71B /* APPAppEventDelegate.h */ = {isa = PBXFileReference; name = "APPAppEventDelegate.h"; path = "cordova-plugin-app-event/APPAppEventDelegate.h"; sourceTree = "<group>"; fileEncoding = 4; lastKnownFileType = sourcecode.c.h; explicitFileType = undefined; includeInIndex = 0; };
		C4A42715DE054E8E943F0FDA /* APPLocalNotification.m */ = {isa = PBXFileReference; name = "APPLocalNotification.m"; path = "cordova-plugin-local-notifications-mm/APPLocalNotification.m"; sourceTree = "<group>"; fileEncoding = 4; lastKnownFileType = sourcecode.c.objc; explicitFileType = undefined; includeInIndex = 0; };
		9490AFE9BE5342E4A4693EAF /* APPLocalNotificationOptions.m */ = {isa = PBXFileReference; name = "APPLocalNotificationOptions.m"; path = "cordova-plugin-local-notifications-mm/APPLocalNotificationOptions.m"; sourceTree = "<group>"; fileEncoding = 4; lastKnownFileType = sourcecode.c.objc; explicitFileType = undefined; includeInIndex = 0; };
		FBC85F3114B3452F83968DE0 /* UIApplication+APPLocalNotification.m */ = {isa = PBXFileReference; name = "UIApplication+APPLocalNotification.m"; path = "cordova-plugin-local-notifications-mm/UIApplication+APPLocalNotification.m"; sourceTree = "<group>"; fileEncoding = 4; lastKnownFileType = sourcecode.c.objc; explicitFileType = undefined; includeInIndex = 0; };
		2AC075B1110B4E5A924731AA /* UILocalNotification+APPLocalNotification.m */ = {isa = PBXFileReference; name = "UILocalNotification+APPLocalNotification.m"; path = "cordova-plugin-local-notifications-mm/UILocalNotification+APPLocalNotification.m"; sourceTree = "<group>"; fileEncoding = 4; lastKnownFileType = sourcecode.c.objc; explicitFileType = undefined; includeInIndex = 0; };
		0183143463E445DCAC922339 /* APPLocalNotification.h */ = {isa = PBXFileReference; name = "APPLocalNotification.h"; path = "cordova-plugin-local-notifications-mm/APPLocalNotification.h"; sourceTree = "<group>"; fileEncoding = 4; lastKnownFileType = sourcecode.c.h; explicitFileType = undefined; includeInIndex = 0; };
		F7603AB8325B4077A72DD61B /* APPLocalNotificationOptions.h */ = {isa = PBXFileReference; name = "APPLocalNotificationOptions.h"; path = "cordova-plugin-local-notifications-mm/APPLocalNotificationOptions.h"; sourceTree = "<group>"; fileEncoding = 4; lastKnownFileType = sourcecode.c.h; explicitFileType = undefined; includeInIndex = 0; };
		600BCF2B99094F82B23CE5DC /* UIApplication+APPLocalNotification.h */ = {isa = PBXFileReference; name = "UIApplication+APPLocalNotification.h"; path = "cordova-plugin-local-notifications-mm/UIApplication+APPLocalNotification.h"; sourceTree = "<group>"; fileEncoding = 4; lastKnownFileType = sourcecode.c.h; explicitFileType = undefined; includeInIndex = 0; };
		A386B22CE71C449BB57D7493 /* UILocalNotification+APPLocalNotification.h */ = {isa = PBXFileReference; name = "UILocalNotification+APPLocalNotification.h"; path = "cordova-plugin-local-notifications-mm/UILocalNotification+APPLocalNotification.h"; sourceTree = "<group>"; fileEncoding = 4; lastKnownFileType = sourcecode.c.h; explicitFileType = undefined; includeInIndex = 0; };
		3F3F0013BD304BD59787B0E6 /* FileOpener2.m */ = {isa = PBXFileReference; name = "FileOpener2.m"; path = "cordova-plugin-file-opener2/FileOpener2.m"; sourceTree = "<group>"; fileEncoding = 4; lastKnownFileType = sourcecode.c.objc; explicitFileType = undefined; includeInIndex = 0; };
		A9E1D7A508B84548AB8E2D3A /* FileOpener2.h */ = {isa = PBXFileReference; name = "FileOpener2.h"; path = "cordova-plugin-file-opener2/FileOpener2.h"; sourceTree = "<group>"; fileEncoding = 4; lastKnownFileType = sourcecode.c.h; explicitFileType = undefined; includeInIndex = 0; };
		F530640B8E954D02B2A26445 /* SQLitePlugin.m */ = {isa = PBXFileReference; name = "SQLitePlugin.m"; path = "cordova-sqlite-evcore-extbuild-free/SQLitePlugin.m"; sourceTree = "<group>"; fileEncoding = 4; lastKnownFileType = sourcecode.c.objc; explicitFileType = undefined; includeInIndex = 0; };
		1C974282612A41CEAC5E6C7E /* PSPDFThreadSafeMutableDictionary.m */ = {isa = PBXFileReference; name = "PSPDFThreadSafeMutableDictionary.m"; path = "cordova-sqlite-evcore-extbuild-free/PSPDFThreadSafeMutableDictionary.m"; sourceTree = "<group>"; fileEncoding = 4; lastKnownFileType = sourcecode.c.objc; explicitFileType = undefined; includeInIndex = 0; };
		D32647180DD14FF59F78DD1C /* sqlite3_regexp.c */ = {isa = PBXFileReference; name = "sqlite3_regexp.c"; path = "cordova-sqlite-evcore-extbuild-free/sqlite3_regexp.c"; sourceTree = "<group>"; fileEncoding = undefined; lastKnownFileType = unknown; explicitFileType = undefined; includeInIndex = 0; };
		56EB2C36077949FBB7421FFF /* sqlite3_base64.c */ = {isa = PBXFileReference; name = "sqlite3_base64.c"; path = "cordova-sqlite-evcore-extbuild-free/sqlite3_base64.c"; sourceTree = "<group>"; fileEncoding = undefined; lastKnownFileType = unknown; explicitFileType = undefined; includeInIndex = 0; };
		04D2744BFA62421683976F23 /* cencode.c */ = {isa = PBXFileReference; name = "cencode.c"; path = "cordova-sqlite-evcore-extbuild-free/cencode.c"; sourceTree = "<group>"; fileEncoding = undefined; lastKnownFileType = unknown; explicitFileType = undefined; includeInIndex = 0; };
		8A66A5B807EB4D3F943E063E /* sqlite3.c */ = {isa = PBXFileReference; name = "sqlite3.c"; path = "cordova-sqlite-evcore-extbuild-free/sqlite3.c"; sourceTree = "<group>"; fileEncoding = undefined; lastKnownFileType = unknown; explicitFileType = undefined; includeInIndex = 0; };
		DACF8C31DD0A4854B1CBAEE8 /* SQLitePlugin.h */ = {isa = PBXFileReference; name = "SQLitePlugin.h"; path = "cordova-sqlite-evcore-extbuild-free/SQLitePlugin.h"; sourceTree = "<group>"; fileEncoding = 4; lastKnownFileType = sourcecode.c.h; explicitFileType = undefined; includeInIndex = 0; };
		847984B625DB4FD68285A87B /* PSPDFThreadSafeMutableDictionary.h */ = {isa = PBXFileReference; name = "PSPDFThreadSafeMutableDictionary.h"; path = "cordova-sqlite-evcore-extbuild-free/PSPDFThreadSafeMutableDictionary.h"; sourceTree = "<group>"; fileEncoding = 4; lastKnownFileType = sourcecode.c.h; explicitFileType = undefined; includeInIndex = 0; };
		75441CE69DF246A68B28772A /* sqlite3_regexp.h */ = {isa = PBXFileReference; name = "sqlite3_regexp.h"; path = "cordova-sqlite-evcore-extbuild-free/sqlite3_regexp.h"; sourceTree = "<group>"; fileEncoding = 4; lastKnownFileType = sourcecode.c.h; explicitFileType = undefined; includeInIndex = 0; };
		B579D31A5BBB4F1A8D38F3F2 /* sqlite3_base64.h */ = {isa = PBXFileReference; name = "sqlite3_base64.h"; path = "cordova-sqlite-evcore-extbuild-free/sqlite3_base64.h"; sourceTree = "<group>"; fileEncoding = 4; lastKnownFileType = sourcecode.c.h; explicitFileType = undefined; includeInIndex = 0; };
		9985CA5160D942C498FDCA79 /* cencode.h */ = {isa = PBXFileReference; name = "cencode.h"; path = "cordova-sqlite-evcore-extbuild-free/cencode.h"; sourceTree = "<group>"; fileEncoding = 4; lastKnownFileType = sourcecode.c.h; explicitFileType = undefined; includeInIndex = 0; };
		D123F71C105E4AEFAB0689BB /* sqlite3.h */ = {isa = PBXFileReference; name = "sqlite3.h"; path = "cordova-sqlite-evcore-extbuild-free/sqlite3.h"; sourceTree = "<group>"; fileEncoding = 4; lastKnownFileType = sourcecode.c.h; explicitFileType = undefined; includeInIndex = 0; };
		24F482CC290A4EFC80B473D8 /* APPBadge.m */ = {isa = PBXFileReference; name = "APPBadge.m"; path = "cordova-plugin-badge/APPBadge.m"; sourceTree = "<group>"; fileEncoding = 4; lastKnownFileType = sourcecode.c.objc; explicitFileType = undefined; includeInIndex = 0; };
		DA31697821484185B0FA9F77 /* APPBadge.h */ = {isa = PBXFileReference; name = "APPBadge.h"; path = "cordova-plugin-badge/APPBadge.h"; sourceTree = "<group>"; fileEncoding = 4; lastKnownFileType = sourcecode.c.h; explicitFileType = undefined; includeInIndex = 0; };
/* End PBXFileReference section */

/* Begin PBXFrameworksBuildPhase section */
		1D60588F0D05DD3D006BFB54 /* Frameworks */ = {
			isa = PBXFrameworksBuildPhase;
			buildActionMask = 2147483647;
			files = (
				301BF552109A68D80062928A /* libCordova.a in Frameworks */,
				53DEFE6AC7494046B9B6214B /* ImageIO.framework in Frameworks */,
				697E28C97165408EA570A791 /* CoreLocation.framework in Frameworks */,
				3CEE8F4DC041453C969FCE02 /* AVFoundation.framework in Frameworks */,
				CDB337FB2A4B4073B0208D44 /* libz.tbd in Frameworks */,
				57D9662212DD4C86A2C15FF6 /* SystemConfiguration.framework in Frameworks */,
				4FE01D5CF51F41679593B73A /* CoreTelephony.framework in Frameworks */,
				4B7CBB160A49446591D1DBEB /* AddressBook.framework in Frameworks */,
				6193F5F96ACD4F3DA196EDE0 /* libsqlite3.tbd in Frameworks */,
				7CAD4B3451F5497C96148C78 /* libz.dylib in Frameworks */,
			);
			runOnlyForDeploymentPostprocessing = 0;
		};
/* End PBXFrameworksBuildPhase section */

/* Begin PBXGroup section */
		080E96DDFE201D6D7F000001 /* Classes */ = {
			isa = PBXGroup;
			children = (
				302D95EE14D2391D003F00A1 /* MainViewController.h */,
				302D95EF14D2391D003F00A1 /* MainViewController.m */,
				302D95F014D2391D003F00A1 /* MainViewController.xib */,
				1D3623240D0F684500981E51 /* AppDelegate.h */,
				1D3623250D0F684500981E51 /* AppDelegate.m */,
			);
			name = Classes;
			path = "Moodle/Classes";
			sourceTree = SOURCE_ROOT;
		};
		19C28FACFE9D520D11CA2CBB /* Products */ = {
			isa = PBXGroup;
			children = (
				1D6058910D05DD3D006BFB54 /* Moodle.app */,
			);
			name = Products;
			sourceTree = "<group>";
		};
		29B97314FDCFA39411CA2CEA /* CustomTemplate */ = {
			isa = PBXGroup;
			children = (
				EB87FDF41871DAF40020F90C /* config.xml */,
				EB87FDF31871DA8E0020F90C /* www */,
				EB87FDF11871DA420020F90C /* Staging */,
				301BF52D109A57CC0062928A /* CordovaLib.xcodeproj */,
				080E96DDFE201D6D7F000001 /* Classes */,
				307C750510C5A3420062BCA9 /* Plugins */,
				29B97315FDCFA39411CA2CEA /* Other Sources */,
				29B97317FDCFA39411CA2CEA /* Resources */,
				29B97323FDCFA39411CA2CEA /* Frameworks */,
				19C28FACFE9D520D11CA2CBB /* Products */,
			);
			name = CustomTemplate;
			sourceTree = "<group>";
		};
		29B97315FDCFA39411CA2CEA /* Other Sources */ = {
			isa = PBXGroup;
			children = (
				32CA4F630368D1EE00C91783 /* Moodle-Prefix.pch */,
				29B97316FDCFA39411CA2CEA /* main.m */,
				ED33DF2A687741AEAF9F8254 /* Bridging-Header.h */,
			);
			name = "Other Sources";
			path = "Moodle";
			sourceTree = "<group>";
		};
		29B97317FDCFA39411CA2CEA /* Resources */ = {
			isa = PBXGroup;
			children = (
				0207DA571B56EA530066E2B4 /* Images.xcassets */,
				3047A50E1AB8057F00498E2A /* config */,
				8D1107310486CEB800E47090 /* Moodle-Info.plist */,
				6AFF5BF81D6E424B00AB3073 /* CDVLaunchScreen.storyboard */,
				F83B6F5A786D41B8BDA5960C /* CDVCapture.bundle */,
			);
			name = Resources;
			path = "Moodle/Resources";
			sourceTree = "<group>";
		};
		29B97323FDCFA39411CA2CEA /* Frameworks */ = {
			isa = PBXGroup;
			children = (
				35D6BF65E8B348758BD51B2A /* ImageIO.framework */,
				E14653F799C442E4910AF1EE /* CoreLocation.framework */,
				E066FB7847734183A1396BEA /* AVFoundation.framework */,
				0A7F89F1CA3C4772A85BF8EF /* libz.tbd */,
				F32486360A10479AB5420A55 /* SystemConfiguration.framework */,
				8B4A19AD34C54C33A493A111 /* CoreTelephony.framework */,
				53534A2B333E46D3B4F591D7 /* AddressBook.framework */,
				F6EE1C29F7D845459438ED79 /* libsqlite3.tbd */,
				679D0DD9B5494052A8700B4E /* libz.dylib */,
			);
			name = Frameworks;
			sourceTree = "<group>";
		};
		301BF52E109A57CC0062928A /* Products */ = {
			isa = PBXGroup;
			children = (
				301BF535109A57CC0062928A /* libCordova.a */,
			);
			name = Products;
			sourceTree = "<group>";
		};
		3047A50E1AB8057F00498E2A /* config */ = {
			isa = PBXGroup;
			children = (
				3047A50F1AB8059700498E2A /* build-debug.xcconfig */,
				3047A5101AB8059700498E2A /* build-release.xcconfig */,
				3047A5111AB8059700498E2A /* build.xcconfig */,
			);
			name = config;
			sourceTree = "<group>";
		};
		307C750510C5A3420062BCA9 /* Plugins */ = {
			isa = PBXGroup;
			children = (
				9177F54CBF8D4B47B093922B /* CDVFile.m */,
				B0E45CDDD3664795B505B337 /* CDVLocalFilesystem.m */,
				658905A6C98E48B6AC8AB014 /* CDVAssetLibraryFilesystem.m */,
				AF8745EA2E43496F949CAD09 /* CDVFile.h */,
				900EBEF01BD94508B2C6CFFC /* CDVLocalFilesystem.h */,
				C72A886929D54F698115F685 /* CDVAssetLibraryFilesystem.h */,
				A47174AE4BF9416A8F26EFBE /* CDVFileTransfer.m */,
				04B1468B0C564EC3A69C1FEB /* CDVFileTransfer.h */,
				F47573B55FBC43A38947392D /* UIImage+CropScaleOrientation.m */,
				0739B8A051BB4758BC9E1444 /* CDVCamera.m */,
				0D46083B5B35427C9ED09028 /* CDVJpegHeaderWriter.m */,
				3807D993367A422BA493ED5E /* UIImage+CropScaleOrientation.h */,
				98EAFED81E6A4FD1B1BDD160 /* CDVCamera.h */,
				F94FB2E5E33646D585150B25 /* CDVJpegHeaderWriter.h */,
				F7599715BE9A449CB606E3DD /* CDVExif.h */,
				F76F936C509849ADB9B68894 /* CDVCapture.m */,
				18FA21B4DE85440D86F2C6C4 /* CDVCapture.h */,
				AA13EF6007D74BC4A0735A47 /* CDVDevice.m */,
				61B70BA53D11431E8991B421 /* CDVDevice.h */,
				EABAF8788ECD4B2A97AA6204 /* CDVGlobalization.m */,
				CC6730C752ED4606B3042C6E /* CDVGlobalization.h */,
				7EC27E0F7C9E429B829EF22D /* CDVInAppBrowser.m */,
				D3975083DCC44C1781C0BB47 /* CDVInAppBrowser.h */,
				4AFC3E2CB350456AABE9ED20 /* CDVConnection.m */,
				427272FF3C6A4F81B4501317 /* CDVReachability.m */,
				B5AE9F81C1684CDF810EEDA4 /* CDVConnection.h */,
				EBF5F637B43B4EBA9DDFF31A /* CDVReachability.h */,
				1B19A14B964149E8B6233033 /* CDVStatusBar.m */,
				811A77B2D50D41719E64F2D3 /* CDVStatusBar.h */,
				1F35359CD4D84937A4CAB362 /* CDVSplashScreen.m */,
				B35122279357426487C5DEDC /* CDVViewController+SplashScreen.m */,
				0DF6D90D9A074CF598CAA9A4 /* CDVSplashScreen.h */,
				9A0BF8640035421290557ABC /* CDVViewController+SplashScreen.h */,
				4F728C47AC4D4E40A02281E2 /* CDVClipboard.m */,
				98B563C21C604A3C8D99B0C4 /* CDVClipboard.h */,
				5FFF61F78C534ADF8762E644 /* BackgroundAudio.m */,
				00FCA01B2FF34B7EB8BB04CD /* AppDelegate+notification.m */,
				32253BC993814A4C960E686E /* PushPlugin.m */,
				6DC848700D314369AB860A51 /* AppDelegate+notification.h */,
				30458EDA82EE4EFF8E6275F4 /* PushPlugin.h */,
				6AA9D6563E674515B0B78F98 /* IonicKeyboard.m */,
				91884D1787144365B59CD0C6 /* IonicKeyboard.h */,
				506F5AF2B424443D9B15AA4C /* ZipPlugin.m */,
				8CF0DEBCD0F5423AB6963BBB /* aescrypt.c */,
				E18AF7A1AB39439CA702BB94 /* aeskey.c */,
				98FBA5A04E544F8AA95A7F27 /* aestab.c */,
				7E0FB869650F405F8F9A2986 /* entropy.c */,
				48022933897540CFBC6E7D94 /* fileenc.c */,
				AC91F7BF1DDC4155A047E941 /* hmac.c */,
				30C382AF74CF481C9EEAF6A0 /* prng.c */,
				A6D3F0ACE6884EFAA76221EC /* pwd2key.c */,
				D1D657F52CAB4A65BA777BBE /* sha1.c */,
				B3EF2E18ED0C40DFA6331EEE /* SSZipArchive.m */,
				A580C36DCA7B48299522E66D /* zip.c */,
				13F1D0ABFF3B4C02BB5CB77E /* unzip.c */,
				491ED3D6EB0A4747AB3FEA2F /* mztools.c */,
				037772A4C6CA446A92DBA336 /* ioapi.c */,
				5BAE02B086B542EDA880DDB8 /* ZipPlugin.h */,
				108721E843F34B89A036F880 /* Common.h */,
				430C4E54F6C74915896324A6 /* aes.h */,
				91C3AD875FB14E2EA967D241 /* aes_via_ace.h */,
				2969D912E09A44C184B53F19 /* aesopt.h */,
				2AC70D3963A94ED1A8D59CD3 /* aestab.h */,
				DD826FC4EB00498D8BE8F3FA /* brg_endian.h */,
				4E6DB1799B6C46C186FF0218 /* brg_types.h */,
				2665EEA585D94F1E98D46AF3 /* entropy.h */,
				C3226DE052364648841017D1 /* fileenc.h */,
				B4F48A7661D94DDBAA89CF22 /* hmac.h */,
				03F9B04D193441D68D1B330A /* prng.h */,
				C1F7C86AC02E4D1287CE4007 /* pwd2key.h */,
				FC299865EA174E0C9E7EFC25 /* sha1.h */,
				8D5212CF4208402AAC0F3719 /* SSZipArchive.h */,
				E26DD52AAA944C2294978A12 /* zip.h */,
				A2AADC11A8814FDDADF8CB94 /* unzip.h */,
				EE2F072D6A124C5AA2ADF245 /* mztools.h */,
				4C7288AED42040E3916AFA53 /* ioapi.h */,
				142BD23684B14F16A9B8094A /* crypt.h */,
				D21818818EB64BBDB078D800 /* AppDelegate+APPAppEvent.m */,
				5A69003321254317BE173C12 /* CDVPlugin+APPAppEvent.m */,
				DF40F143DBAF41CE86D342AD /* AppDelegate+APPAppEvent.h */,
				E4AA9D2CA1C046F8A6741845 /* CDVPlugin+APPAppEvent.h */,
				C0ABC66B757B4C63BE87A71B /* APPAppEventDelegate.h */,
				C4A42715DE054E8E943F0FDA /* APPLocalNotification.m */,
				9490AFE9BE5342E4A4693EAF /* APPLocalNotificationOptions.m */,
				FBC85F3114B3452F83968DE0 /* UIApplication+APPLocalNotification.m */,
				2AC075B1110B4E5A924731AA /* UILocalNotification+APPLocalNotification.m */,
				0183143463E445DCAC922339 /* APPLocalNotification.h */,
				F7603AB8325B4077A72DD61B /* APPLocalNotificationOptions.h */,
				600BCF2B99094F82B23CE5DC /* UIApplication+APPLocalNotification.h */,
				A386B22CE71C449BB57D7493 /* UILocalNotification+APPLocalNotification.h */,
				3F3F0013BD304BD59787B0E6 /* FileOpener2.m */,
				A9E1D7A508B84548AB8E2D3A /* FileOpener2.h */,
				F530640B8E954D02B2A26445 /* SQLitePlugin.m */,
				1C974282612A41CEAC5E6C7E /* PSPDFThreadSafeMutableDictionary.m */,
				D32647180DD14FF59F78DD1C /* sqlite3_regexp.c */,
				56EB2C36077949FBB7421FFF /* sqlite3_base64.c */,
				04D2744BFA62421683976F23 /* cencode.c */,
				8A66A5B807EB4D3F943E063E /* sqlite3.c */,
				DACF8C31DD0A4854B1CBAEE8 /* SQLitePlugin.h */,
				847984B625DB4FD68285A87B /* PSPDFThreadSafeMutableDictionary.h */,
				75441CE69DF246A68B28772A /* sqlite3_regexp.h */,
				B579D31A5BBB4F1A8D38F3F2 /* sqlite3_base64.h */,
				9985CA5160D942C498FDCA79 /* cencode.h */,
				D123F71C105E4AEFAB0689BB /* sqlite3.h */,
				24F482CC290A4EFC80B473D8 /* APPBadge.m */,
				DA31697821484185B0FA9F77 /* APPBadge.h */,
			);
			name = Plugins;
			path = "Moodle/Plugins";
			sourceTree = SOURCE_ROOT;
		};
		EB87FDF11871DA420020F90C /* Staging */ = {
			isa = PBXGroup;
			children = (
				F840E1F0165FE0F500CFE078 /* config.xml */,
				301BF56E109A69640062928A /* www */,
			);
			name = Staging;
			sourceTree = "<group>";
		};
/* End PBXGroup section */

/* Begin PBXNativeTarget section */
		1D6058900D05DD3D006BFB54 /* Moodle */ = {
			isa = PBXNativeTarget;
			buildConfigurationList = 1D6058960D05DD3E006BFB54 /* Build configuration list for PBXNativeTarget "Moodle" */;
			buildPhases = (
				304B58A110DAC018002A0835 /* Copy www directory */,
				1D60588D0D05DD3D006BFB54 /* Resources */,
				1D60588E0D05DD3D006BFB54 /* Sources */,
				1D60588F0D05DD3D006BFB54 /* Frameworks */,
			);
			buildRules = (
			);
			dependencies = (
				301BF551109A68C00062928A /* PBXTargetDependency */,
			);
			name = "Moodle";
			productName = "Moodle";
			productReference = 1D6058910D05DD3D006BFB54 /* Moodle.app */;
			productType = "com.apple.product-type.application";
		};
/* End PBXNativeTarget section */

/* Begin PBXProject section */
		29B97313FDCFA39411CA2CEA /* Project object */ = {
			isa = PBXProject;
			attributes = {
				LastUpgradeCheck = 510;
			};
			buildConfigurationList = C01FCF4E08A954540054247B /* Build configuration list for PBXProject "__NON-CLI__" */;
			compatibilityVersion = "Xcode 3.2";
			developmentRegion = English;
			hasScannedForEncodings = 1;
			mainGroup = 29B97314FDCFA39411CA2CEA /* CustomTemplate */;
			projectDirPath = "";
			projectReferences = (
				{
					ProductGroup = 301BF52E109A57CC0062928A /* Products */;
					ProjectRef = 301BF52D109A57CC0062928A /* CordovaLib.xcodeproj */;
				},
			);
			projectRoot = "";
			targets = (
				1D6058900D05DD3D006BFB54 /* Moodle */,
			);
		};
/* End PBXProject section */

/* Begin PBXReferenceProxy section */
		301BF535109A57CC0062928A /* libCordova.a */ = {
			isa = PBXReferenceProxy;
			fileType = archive.ar;
			path = libCordova.a;
			remoteRef = 301BF534109A57CC0062928A /* PBXContainerItemProxy */;
			sourceTree = BUILT_PRODUCTS_DIR;
		};
/* End PBXReferenceProxy section */

/* Begin PBXResourcesBuildPhase section */
		1D60588D0D05DD3D006BFB54 /* Resources */ = {
			isa = PBXResourcesBuildPhase;
			buildActionMask = 2147483647;
			files = (
				302D95F214D2391D003F00A1 /* MainViewController.xib in Resources */,
				0207DA581B56EA530066E2B4 /* Images.xcassets in Resources */,
				6AFF5BF91D6E424B00AB3073 /* CDVLaunchScreen.storyboard in Resources */,
				75248ED8D2764725BB48A671 /* CDVCapture.bundle in Resources */,
			);
			runOnlyForDeploymentPostprocessing = 0;
		};
/* End PBXResourcesBuildPhase section */

/* Begin PBXShellScriptBuildPhase section */
		304B58A110DAC018002A0835 /* Copy www directory */ = {
			isa = PBXShellScriptBuildPhase;
			buildActionMask = 2147483647;
			files = (
			);
			inputPaths = (
			);
			name = "Copy www directory";
			outputPaths = (
			);
			runOnlyForDeploymentPostprocessing = 0;
			shellPath = /bin/sh;
			shellScript = "NODEJS_PATH=/usr/local/bin; NVM_NODE_PATH=~/.nvm/versions/node/`nvm version 2>/dev/null`/bin; N_NODE_PATH=`find /usr/local/n/versions/node/* -maxdepth 0 -type d 2>/dev/null | tail -1`/bin; XCODE_NODE_PATH=`xcode-select --print-path`/usr/share/xcs/Node/bin; PATH=$NODEJS_PATH:$NVM_NODE_PATH:$N_NODE_PATH:$XCODE_NODE_PATH:$PATH && node cordova/lib/copy-www-build-step.js";
			showEnvVarsInLog = 0;
		};
/* End PBXShellScriptBuildPhase section */

/* Begin PBXSourcesBuildPhase section */
		1D60588E0D05DD3D006BFB54 /* Sources */ = {
			isa = PBXSourcesBuildPhase;
			buildActionMask = 2147483647;
			files = (
				1D60589B0D05DD56006BFB54 /* main.m in Sources */,
				1D3623260D0F684500981E51 /* AppDelegate.m in Sources */,
				302D95F114D2391D003F00A1 /* MainViewController.m in Sources */,
				BFD20618C90E484495B1D184 /* CDVFile.m in Sources */,
				360196A363254F7CAD1CFF41 /* CDVLocalFilesystem.m in Sources */,
				440285ADD1DC4383B58DBB90 /* CDVAssetLibraryFilesystem.m in Sources */,
				F413A5C8F5F74D5D9297A58C /* CDVFileTransfer.m in Sources */,
				4D8AAF0F92BE414BB5BC074B /* UIImage+CropScaleOrientation.m in Sources */,
				B4EE1EB45414455B95349DFA /* CDVCamera.m in Sources */,
				1109BEDCC2F843AA9E0EAAA8 /* CDVJpegHeaderWriter.m in Sources */,
				2199F81454F74A6F921BD690 /* CDVCapture.m in Sources */,
				ACA6E8DB0A644F628A41C0EF /* CDVDevice.m in Sources */,
				650284942FFA4C94BE6EDDFF /* CDVGlobalization.m in Sources */,
				58144CDEC1E043579B303B85 /* CDVInAppBrowser.m in Sources */,
				E75710737E6C43DE863D8F57 /* CDVConnection.m in Sources */,
				FF16F82313394895BDED2EA1 /* CDVReachability.m in Sources */,
				DC7D7C8B00FA49E185CF5E8D /* CDVStatusBar.m in Sources */,
				90138EFD92D5478CBFD1D325 /* CDVSplashScreen.m in Sources */,
				295FD4814D0947E68C2B24A8 /* CDVViewController+SplashScreen.m in Sources */,
				A56CBFAD3BBA4A46B9D6218F /* CDVClipboard.m in Sources */,
				14DB082D2ECB403B96C29F06 /* BackgroundAudio.m in Sources */,
				3E84837C6EE644BA8D74E697 /* AppDelegate+notification.m in Sources */,
				7C2A8EF8158A49FB9686CB66 /* PushPlugin.m in Sources */,
				C3E8633D6A3943CFA1D0E983 /* IonicKeyboard.m in Sources */,
				C657E3C0853245F48DB513F8 /* ZipPlugin.m in Sources */,
				430A4B26F6FD4707A0B19FD4 /* aescrypt.c in Resources */,
				A23EE49691C340E2AD38F2FB /* aeskey.c in Resources */,
				E38F3A5C2C184C7EA58F0B58 /* aestab.c in Resources */,
				C2CD0AD43A894FD79D87E76B /* entropy.c in Resources */,
				C2B43EDD942A425A8B60FBFD /* fileenc.c in Resources */,
				7024B57F5C6F4A859E8F93E4 /* hmac.c in Resources */,
				5A2D17BD654F40EF91AC0B53 /* prng.c in Resources */,
				9ED947A2685549F291C60F50 /* pwd2key.c in Resources */,
				E58AA49C556F466BA60E90A1 /* sha1.c in Resources */,
				A52131D1E0B7400F89223779 /* SSZipArchive.m in Sources */,
				3E7694BE43DC4CD39854EA7B /* zip.c in Resources */,
				DEA922BE1C2C42DB87141027 /* unzip.c in Resources */,
				E8003A9073254F30A1A615BB /* mztools.c in Resources */,
				69E56D0098B24711826DE4D0 /* ioapi.c in Resources */,
				C6C848CD954C4F978F8A88A8 /* AppDelegate+APPAppEvent.m in Sources */,
				FE1D1241E4B44788B30D02D6 /* CDVPlugin+APPAppEvent.m in Sources */,
				85973FF115EC4E8C9B18C8CA /* APPLocalNotification.m in Sources */,
				49BC31FEC3FD4BF2BCB48DC2 /* APPLocalNotificationOptions.m in Sources */,
				553F7A73F0D94286A43DC2A9 /* UIApplication+APPLocalNotification.m in Sources */,
				43D5F4D961A14B2888076B39 /* UILocalNotification+APPLocalNotification.m in Sources */,
				C55F2DCC851349728847AB6C /* FileOpener2.m in Sources */,
				09E9426EBA4B48D693A5EF8C /* SQLitePlugin.m in Sources */,
				DBC61FEF7488402CBB2118B7 /* PSPDFThreadSafeMutableDictionary.m in Sources */,
				E75807FACD1C438B84F1D639 /* sqlite3_regexp.c in Resources */,
				6FC8C99D309E4C70AE520C67 /* sqlite3_base64.c in Resources */,
				A85E0D05E16740ADB9574DAC /* cencode.c in Resources */,
				D2E2B056A49F405AB2EA69FA /* sqlite3.c in Resources */,
				FEA27329CDB44CEA95EDB75B /* APPBadge.m in Sources */,
			);
			runOnlyForDeploymentPostprocessing = 0;
		};
/* End PBXSourcesBuildPhase section */

/* Begin PBXTargetDependency section */
		301BF551109A68C00062928A /* PBXTargetDependency */ = {
			isa = PBXTargetDependency;
			name = CordovaLib;
			targetProxy = 301BF550109A68C00062928A /* PBXContainerItemProxy */;
		};
/* End PBXTargetDependency section */

/* Begin XCBuildConfiguration section */
		1D6058940D05DD3E006BFB54 /* Debug */ = {
			isa = XCBuildConfiguration;
			baseConfigurationReference = 3047A50F1AB8059700498E2A /* build-debug.xcconfig */;
			buildSettings = {
				ALWAYS_SEARCH_USER_PATHS = NO;
				ASSETCATALOG_COMPILER_APPICON_NAME = AppIcon;
				ASSETCATALOG_COMPILER_LAUNCHIMAGE_NAME = LaunchImage;
				CLANG_ENABLE_MODULES = YES;
				CLANG_ENABLE_OBJC_ARC = YES;
				COPY_PHASE_STRIP = NO;
				GCC_DYNAMIC_NO_PIC = NO;
				GCC_OPTIMIZATION_LEVEL = 0;
				GCC_PRECOMPILE_PREFIX_HEADER = YES;
				GCC_PREFIX_HEADER = "Moodle/Moodle-Prefix.pch";
				GCC_THUMB_SUPPORT = NO;
				GCC_VERSION = "";
				INFOPLIST_FILE = "Moodle/Moodle-Info.plist";
				IPHONEOS_DEPLOYMENT_TARGET = 8.0;
				LD_RUNPATH_SEARCH_PATHS = "@executable_path/Frameworks";
				TARGETED_DEVICE_FAMILY = "1,2";
				PRODUCT_NAME = "Moodle";
			};
			name = Debug;
		};
		1D6058950D05DD3E006BFB54 /* Release */ = {
			isa = XCBuildConfiguration;
			baseConfigurationReference = 3047A5101AB8059700498E2A /* build-release.xcconfig */;
			buildSettings = {
				ALWAYS_SEARCH_USER_PATHS = NO;
				ASSETCATALOG_COMPILER_APPICON_NAME = AppIcon;
				ASSETCATALOG_COMPILER_LAUNCHIMAGE_NAME = LaunchImage;
				CLANG_ENABLE_MODULES = YES;
				CLANG_ENABLE_OBJC_ARC = YES;
				COPY_PHASE_STRIP = YES;
				GCC_PRECOMPILE_PREFIX_HEADER = YES;
				GCC_PREFIX_HEADER = "Moodle/Moodle-Prefix.pch";
				GCC_THUMB_SUPPORT = NO;
				GCC_VERSION = "";
				INFOPLIST_FILE = "Moodle/Moodle-Info.plist";
				IPHONEOS_DEPLOYMENT_TARGET = 8.0;
				LD_RUNPATH_SEARCH_PATHS = "@executable_path/Frameworks";
				TARGETED_DEVICE_FAMILY = "1,2";
				PRODUCT_NAME = "Moodle";
			};
			name = Release;
		};
		C01FCF4F08A954540054247B /* Debug */ = {
			isa = XCBuildConfiguration;
			baseConfigurationReference = 3047A5111AB8059700498E2A /* build.xcconfig */;
			buildSettings = {
				CLANG_ENABLE_MODULES = YES;
				CLANG_ENABLE_OBJC_ARC = YES;
				CLANG_WARN_BOOL_CONVERSION = YES;
				CLANG_WARN_CONSTANT_CONVERSION = YES;
				CLANG_WARN_EMPTY_BODY = YES;
				CLANG_WARN_ENUM_CONVERSION = YES;
				CLANG_WARN_INT_CONVERSION = YES;
				CLANG_WARN__DUPLICATE_METHOD_MATCH = YES;
				GCC_C_LANGUAGE_STANDARD = c99;
				GCC_THUMB_SUPPORT = NO;
				GCC_VERSION = "";
				GCC_WARN_ABOUT_RETURN_TYPE = YES;
				GCC_WARN_UNDECLARED_SELECTOR = YES;
				GCC_WARN_UNINITIALIZED_AUTOS = YES;
				GCC_WARN_UNUSED_FUNCTION = YES;
				GCC_WARN_UNUSED_VARIABLE = YES;
				ONLY_ACTIVE_ARCH = YES;
				SDKROOT = iphoneos;
				SKIP_INSTALL = NO;
				TARGETED_DEVICE_FAMILY = "1,2";
				ASSETCATALOG_COMPILER_LAUNCHIMAGE_NAME = LaunchImage;
			};
			name = Debug;
		};
		C01FCF5008A954540054247B /* Release */ = {
			isa = XCBuildConfiguration;
			baseConfigurationReference = 3047A5111AB8059700498E2A /* build.xcconfig */;
			buildSettings = {
				CLANG_ENABLE_MODULES = YES;
				CLANG_ENABLE_OBJC_ARC = YES;
				CLANG_WARN_BOOL_CONVERSION = YES;
				CLANG_WARN_CONSTANT_CONVERSION = YES;
				CLANG_WARN_EMPTY_BODY = YES;
				CLANG_WARN_ENUM_CONVERSION = YES;
				CLANG_WARN_INT_CONVERSION = YES;
				CLANG_WARN__DUPLICATE_METHOD_MATCH = YES;
				GCC_C_LANGUAGE_STANDARD = c99;
				GCC_THUMB_SUPPORT = NO;
				GCC_VERSION = "";
				GCC_WARN_ABOUT_RETURN_TYPE = YES;
				GCC_WARN_UNDECLARED_SELECTOR = YES;
				GCC_WARN_UNINITIALIZED_AUTOS = YES;
				GCC_WARN_UNUSED_FUNCTION = YES;
				GCC_WARN_UNUSED_VARIABLE = YES;
				SDKROOT = iphoneos;
				SKIP_INSTALL = NO;
				TARGETED_DEVICE_FAMILY = "1,2";
				ASSETCATALOG_COMPILER_LAUNCHIMAGE_NAME = LaunchImage;
			};
			name = Release;
		};
/* End XCBuildConfiguration section */

/* Begin XCConfigurationList section */
		1D6058960D05DD3E006BFB54 /* Build configuration list for PBXNativeTarget "Moodle" */ = {
			isa = XCConfigurationList;
			buildConfigurations = (
				1D6058940D05DD3E006BFB54 /* Debug */,
				1D6058950D05DD3E006BFB54 /* Release */,
			);
			defaultConfigurationIsVisible = 0;
			defaultConfigurationName = Release;
		};
		C01FCF4E08A954540054247B /* Build configuration list for PBXProject "__NON-CLI__" */ = {
			isa = XCConfigurationList;
			buildConfigurations = (
				C01FCF4F08A954540054247B /* Debug */,
				C01FCF5008A954540054247B /* Release */,
			);
			defaultConfigurationIsVisible = 0;
			defaultConfigurationName = Release;
		};
/* End XCConfigurationList section */
	};
	rootObject = 29B97313FDCFA39411CA2CEA /* Project object */;
}
